# This file is automatically @generated by Cargo.
# It is not intended for manual editing.
version = 4

[[package]]
name = "addr2line"
version = "0.19.0"
source = "registry+https://github.com/rust-lang/crates.io-index"
checksum = "a76fd60b23679b7d19bd066031410fb7e458ccc5e958eb5c325888ce4baedc97"
dependencies = [
 "gimli",
]

[[package]]
name = "adler"
version = "1.0.2"
source = "registry+https://github.com/rust-lang/crates.io-index"
checksum = "f26201604c87b1e01bd3d98f8d5d9a8fcbb815e8cedb41ffccbeb4bf593a35fe"

[[package]]
name = "aoc-rs"
version = "0.1.0"
dependencies = [
 "day_2015_01",
 "day_2015_02",
 "day_2015_03",
 "day_2015_04",
 "day_2015_05",
 "day_2015_06",
 "day_2015_07",
 "day_2015_08",
 "day_2015_09",
 "day_2015_10",
 "day_2015_11",
 "day_2015_12",
 "day_2015_13",
 "day_2015_14",
 "day_2015_15",
 "day_2015_16",
 "day_2015_17",
 "day_2015_18",
 "day_2015_19",
 "day_2015_20",
 "day_2015_21",
 "day_2015_22",
 "day_2015_23",
 "day_2015_24",
 "day_2015_25",
 "day_2016_01",
 "day_2016_02",
 "day_2016_03",
 "day_2016_04",
 "day_2016_05",
 "day_2016_06",
 "day_2016_07",
 "day_2016_08",
 "day_2016_09",
 "day_2016_10",
 "day_2016_11",
 "day_2016_12",
 "day_2016_13",
 "day_2016_14",
 "day_2016_15",
 "day_2016_16",
 "day_2016_17",
 "day_2016_18",
 "day_2016_19",
 "day_2016_20",
 "day_2016_21",
 "day_2016_22",
 "day_2016_23",
 "day_2016_24",
 "day_2016_25",
 "day_2017_01",
 "day_2017_02",
 "day_2017_03",
 "day_2017_04",
 "day_2017_05",
 "day_2017_06",
 "day_2017_07",
 "day_2017_08",
 "day_2017_09",
 "day_2017_10",
 "day_2017_11",
 "day_2017_12",
 "day_2017_13",
 "day_2017_14",
 "day_2017_15",
 "day_2017_16",
 "day_2017_17",
 "day_2017_18",
 "day_2017_19",
 "day_2017_20",
 "day_2017_21",
 "day_2017_22",
 "day_2017_23",
 "day_2017_24",
 "day_2017_25",
 "day_2018_01",
 "day_2018_02",
 "day_2018_03",
 "day_2018_04",
 "day_2018_05",
 "day_2022_01",
 "day_2022_02",
 "day_2022_03",
 "day_2022_04",
 "day_2022_05",
 "day_2022_06",
 "day_2022_07",
 "day_2022_08",
 "day_2022_09",
 "day_2022_10",
 "day_2022_11",
 "day_2022_12",
 "day_2022_13",
 "day_2022_14",
 "day_2022_15",
 "day_2022_16",
 "day_2022_17",
 "day_2022_18",
 "day_2022_19",
 "day_2022_20",
 "day_2022_21",
 "day_2022_22",
 "day_2022_23",
 "day_2022_24",
 "day_2022_25",
 "day_2023_01",
 "day_2023_02",
 "day_2023_03",
 "day_2023_04",
 "day_2023_05",
 "day_2023_06",
 "day_2023_07",
 "day_2023_08",
 "day_2023_09",
 "day_2023_10",
 "day_2023_11",
 "day_2023_12",
 "day_2023_13",
 "day_2023_14",
 "day_2023_15",
 "day_2023_16",
 "day_2023_17",
 "day_2023_18",
 "day_2023_19",
 "day_2023_20",
 "day_2023_21",
 "day_2023_22",
 "day_2023_23",
 "day_2023_24",
 "day_2024_01",
 "day_2024_02",
 "day_2024_03",
 "gag",
 "took",
]

[[package]]
name = "autocfg"
version = "1.4.0"
source = "registry+https://github.com/rust-lang/crates.io-index"
checksum = "ace50bade8e6234aa140d9a2f552bbee1db4d353f69b8217bc503490fc1a9f26"

[[package]]
name = "backtrace"
version = "0.3.67"
source = "registry+https://github.com/rust-lang/crates.io-index"
checksum = "233d376d6d185f2a3093e58f283f60f880315b6c60075b01f36b3b85154564ca"
dependencies = [
 "addr2line",
 "cc",
 "cfg-if",
 "libc",
 "miniz_oxide",
 "object",
 "rustc-demangle",
]

[[package]]
name = "bitflags"
version = "1.3.2"
source = "registry+https://github.com/rust-lang/crates.io-index"
checksum = "bef38d45163c2f1dde094a7dfd33ccf595c92905c8f8f4fdc18d06fb1037718a"

[[package]]
name = "block-buffer"
version = "0.10.3"
source = "registry+https://github.com/rust-lang/crates.io-index"
checksum = "69cce20737498f97b993470a6e536b8523f0af7892a4f928cceb1ac5e52ebe7e"
dependencies = [
 "generic-array",
]

[[package]]
name = "cc"
version = "1.0.79"
source = "registry+https://github.com/rust-lang/crates.io-index"
checksum = "50d30906286121d95be3d479533b458f87493b30a4b5f79a607db8f5d11aa91f"

[[package]]
name = "cfg-if"
version = "1.0.0"
source = "registry+https://github.com/rust-lang/crates.io-index"
checksum = "baf1de4339761588bc0619e3cbc0120ee582ebb74b53b4efbf79117bd2da40fd"

[[package]]
name = "color-eyre"
version = "0.6.2"
source = "registry+https://github.com/rust-lang/crates.io-index"
checksum = "5a667583cca8c4f8436db8de46ea8233c42a7d9ae424a82d338f2e4675229204"
dependencies = [
 "backtrace",
 "color-spantrace",
 "eyre",
 "indenter",
 "once_cell",
 "owo-colors",
 "tracing-error",
]

[[package]]
name = "color-spantrace"
version = "0.2.0"
source = "registry+https://github.com/rust-lang/crates.io-index"
checksum = "1ba75b3d9449ecdccb27ecbc479fdc0b87fa2dd43d2f8298f9bf0e59aacc8dce"
dependencies = [
 "once_cell",
 "owo-colors",
 "tracing-core",
 "tracing-error",
]

[[package]]
name = "crypto-common"
version = "0.1.6"
source = "registry+https://github.com/rust-lang/crates.io-index"
checksum = "1bfb12502f3fc46cca1bb51ac28df9d618d813cdc3d2f25b9fe775a34af26bb3"
dependencies = [
 "generic-array",
 "typenum",
]

[[package]]
name = "day_2015_01"
version = "0.1.0"

[[package]]
name = "day_2015_02"
version = "0.1.0"

[[package]]
name = "day_2015_03"
version = "0.1.0"

[[package]]
name = "day_2015_04"
version = "0.1.0"
dependencies = [
 "md-5",
]

[[package]]
name = "day_2015_05"
version = "0.1.0"

[[package]]
name = "day_2015_06"
version = "0.1.0"
dependencies = [
 "itertools 0.10.5",
]

[[package]]
name = "day_2015_07"
version = "0.1.0"

[[package]]
name = "day_2015_08"
version = "0.1.0"

[[package]]
name = "day_2015_09"
version = "0.1.0"
dependencies = [
 "itertools 0.10.5",
]

[[package]]
name = "day_2015_10"
version = "0.1.0"

[[package]]
name = "day_2015_11"
version = "0.1.0"
dependencies = [
 "itertools 0.10.5",
]

[[package]]
name = "day_2015_12"
version = "0.1.0"

[[package]]
name = "day_2015_13"
version = "0.1.0"
dependencies = [
 "itertools 0.10.5",
]

[[package]]
name = "day_2015_14"
version = "0.1.0"
dependencies = [
 "itertools 0.10.5",
]

[[package]]
name = "day_2015_15"
version = "0.1.0"

[[package]]
name = "day_2015_16"
version = "0.1.0"

[[package]]
name = "day_2015_17"
version = "0.1.0"
dependencies = [
 "itertools 0.10.5",
]

[[package]]
name = "day_2015_18"
version = "0.1.0"
dependencies = [
 "itertools 0.10.5",
]

[[package]]
name = "day_2015_19"
version = "0.1.0"
dependencies = [
 "itertools 0.10.5",
]

[[package]]
name = "day_2015_20"
version = "0.1.0"

[[package]]
name = "day_2015_21"
version = "0.1.0"
dependencies = [
 "itertools 0.10.5",
]

[[package]]
name = "day_2015_22"
version = "0.1.0"

[[package]]
name = "day_2015_23"
version = "0.1.0"

[[package]]
name = "day_2015_24"
version = "0.1.0"

[[package]]
name = "day_2015_25"
version = "0.1.0"

[[package]]
name = "day_2016_01"
version = "0.1.0"

[[package]]
name = "day_2016_02"
version = "0.1.0"

[[package]]
name = "day_2016_03"
version = "0.1.0"
dependencies = [
 "itertools 0.10.5",
]

[[package]]
name = "day_2016_04"
version = "0.1.0"
dependencies = [
 "itertools 0.10.5",
]

[[package]]
name = "day_2016_05"
version = "0.1.0"
dependencies = [
 "itertools 0.10.5",
 "md-5",
]

[[package]]
name = "day_2016_06"
version = "0.1.0"
dependencies = [
 "itertools 0.10.5",
]

[[package]]
name = "day_2016_07"
version = "0.1.0"

[[package]]
name = "day_2016_08"
version = "0.1.0"

[[package]]
name = "day_2016_09"
version = "0.1.0"

[[package]]
name = "day_2016_10"
version = "0.1.0"

[[package]]
name = "day_2016_11"
version = "0.1.0"

[[package]]
name = "day_2016_12"
version = "0.1.0"

[[package]]
name = "day_2016_13"
version = "0.1.0"

[[package]]
name = "day_2016_14"
version = "0.1.0"
dependencies = [
 "itertools 0.10.5",
 "md-5",
]

[[package]]
name = "day_2016_15"
version = "0.1.0"

[[package]]
name = "day_2016_16"
version = "0.1.0"

[[package]]
name = "day_2016_17"
version = "0.1.0"
dependencies = [
 "md-5",
]

[[package]]
name = "day_2016_18"
version = "0.1.0"

[[package]]
name = "day_2016_19"
version = "0.1.0"

[[package]]
name = "day_2016_20"
version = "0.1.0"
dependencies = [
 "itertools 0.10.5",
]

[[package]]
name = "day_2016_21"
version = "0.1.0"

[[package]]
name = "day_2016_22"
version = "0.1.0"
dependencies = [
 "itertools 0.10.5",
]

[[package]]
name = "day_2016_23"
version = "0.1.0"

[[package]]
name = "day_2016_24"
version = "0.1.0"
dependencies = [
 "itertools 0.10.5",
]

[[package]]
name = "day_2016_25"
version = "0.1.0"

[[package]]
name = "day_2017_01"
version = "0.1.0"

[[package]]
name = "day_2017_02"
version = "0.1.0"
dependencies = [
 "itertools 0.10.5",
]

[[package]]
name = "day_2017_03"
version = "0.1.0"

[[package]]
name = "day_2017_04"
version = "0.1.0"

[[package]]
name = "day_2017_05"
version = "0.1.0"

[[package]]
name = "day_2017_06"
version = "0.1.0"

[[package]]
name = "day_2017_07"
version = "0.1.0"
dependencies = [
 "itertools 0.11.0",
]

[[package]]
name = "day_2017_08"
version = "0.1.0"

[[package]]
name = "day_2017_09"
version = "0.1.0"

[[package]]
name = "day_2017_10"
version = "0.1.0"

[[package]]
name = "day_2017_11"
version = "0.1.0"

[[package]]
name = "day_2017_12"
version = "0.1.0"

[[package]]
name = "day_2017_13"
version = "0.1.0"
dependencies = [
 "itertools 0.11.0",
]

[[package]]
name = "day_2017_14"
version = "0.1.0"
dependencies = [
 "day_2017_10",
]

[[package]]
name = "day_2017_15"
version = "0.1.0"

[[package]]
name = "day_2017_16"
version = "0.1.0"

[[package]]
name = "day_2017_17"
version = "0.1.0"

[[package]]
name = "day_2017_18"
version = "0.1.0"

[[package]]
name = "day_2017_19"
version = "0.1.0"

[[package]]
name = "day_2017_20"
version = "0.1.0"
dependencies = [
 "itertools 0.11.0",
]

[[package]]
name = "day_2017_21"
version = "0.1.0"
dependencies = [
 "itertools 0.11.0",
]

[[package]]
name = "day_2017_22"
version = "0.1.0"

[[package]]
name = "day_2017_23"
version = "0.1.0"

[[package]]
name = "day_2017_24"
version = "0.1.0"

[[package]]
name = "day_2017_25"
version = "0.1.0"

[[package]]
name = "day_2018_01"
version = "0.1.0"

[[package]]
name = "day_2018_02"
version = "0.1.0"

[[package]]
name = "day_2018_03"
version = "0.1.0"

[[package]]
name = "day_2018_04"
version = "0.1.0"

[[package]]
name = "day_2018_05"
version = "0.1.0"

[[package]]
name = "day_2022_01"
version = "0.1.0"
dependencies = [
 "itertools 0.10.5",
]

[[package]]
name = "day_2022_02"
version = "0.1.0"
dependencies = [
 "color-eyre",
]

[[package]]
name = "day_2022_03"
version = "0.1.0"
dependencies = [
 "itertools 0.10.5",
]

[[package]]
name = "day_2022_04"
version = "0.1.0"
dependencies = [
 "color-eyre",
]

[[package]]
name = "day_2022_05"
version = "0.1.0"
dependencies = [
 "color-eyre",
 "itertools 0.10.5",
]

[[package]]
name = "day_2022_06"
version = "0.1.0"

[[package]]
name = "day_2022_07"
version = "0.1.0"
dependencies = [
 "itertools 0.10.5",
]

[[package]]
name = "day_2022_08"
version = "0.1.0"
dependencies = [
 "itertools 0.10.5",
]

[[package]]
name = "day_2022_09"
version = "0.1.0"

[[package]]
name = "day_2022_10"
version = "0.1.0"

[[package]]
name = "day_2022_11"
version = "0.1.0"
dependencies = [
 "itertools 0.10.5",
]

[[package]]
name = "day_2022_12"
version = "0.1.0"

[[package]]
name = "day_2022_13"
version = "0.1.0"

[[package]]
name = "day_2022_14"
version = "0.1.0"

[[package]]
name = "day_2022_15"
version = "0.1.0"
dependencies = [
 "itertools 0.10.5",
]

[[package]]
name = "day_2022_16"
version = "0.1.0"
dependencies = [
 "itertools 0.10.5",
]

[[package]]
name = "day_2022_17"
version = "0.1.0"

[[package]]
name = "day_2022_18"
version = "0.1.0"
dependencies = [
 "itertools 0.10.5",
]

[[package]]
name = "day_2022_19"
version = "0.1.0"

[[package]]
name = "day_2022_20"
version = "0.1.0"

[[package]]
name = "day_2022_21"
version = "0.1.0"

[[package]]
name = "day_2022_22"
version = "0.1.0"

[[package]]
name = "day_2022_23"
version = "0.1.0"

[[package]]
name = "day_2022_24"
version = "0.1.0"

[[package]]
name = "day_2022_25"
version = "0.1.0"

[[package]]
name = "day_2023_01"
version = "0.1.0"

[[package]]
name = "day_2023_02"
version = "0.1.0"

[[package]]
name = "day_2023_03"
version = "0.1.0"

[[package]]
name = "day_2023_04"
version = "0.1.0"

[[package]]
name = "day_2023_05"
version = "0.1.0"

[[package]]
name = "day_2023_06"
version = "0.1.0"

[[package]]
name = "day_2023_07"
version = "0.1.0"
dependencies = [
 "itertools 0.12.0",
]

[[package]]
name = "day_2023_08"
version = "0.1.0"
dependencies = [
 "itertools 0.12.0",
]

[[package]]
name = "day_2023_09"
version = "0.1.0"

[[package]]
name = "day_2023_10"
version = "0.1.0"

[[package]]
name = "day_2023_11"
version = "0.1.0"
dependencies = [
 "itertools 0.12.0",
]

[[package]]
name = "day_2023_12"
version = "0.1.0"

[[package]]
name = "day_2023_13"
version = "0.1.0"

[[package]]
name = "day_2023_14"
version = "0.1.0"

[[package]]
name = "day_2023_15"
version = "0.1.0"

[[package]]
name = "day_2023_16"
version = "0.1.0"

[[package]]
name = "day_2023_17"
version = "0.1.0"

[[package]]
name = "day_2023_18"
version = "0.1.0"

[[package]]
name = "day_2023_19"
version = "0.1.0"

[[package]]
name = "day_2023_20"
version = "0.1.0"

[[package]]
name = "day_2023_21"
version = "0.1.0"

[[package]]
name = "day_2023_22"
version = "0.1.0"

[[package]]
name = "day_2023_23"
version = "0.1.0"

[[package]]
name = "day_2023_24"
version = "0.1.0"
dependencies = [
 "num-traits",
]

[[package]]
name = "day_2024_01"
version = "0.1.0"

[[package]]
name = "day_2024_02"
version = "0.1.0"

[[package]]
name = "day_2024_03"
version = "0.1.0"

[[package]]
name = "digest"
version = "0.10.6"
source = "registry+https://github.com/rust-lang/crates.io-index"
checksum = "8168378f4e5023e7218c89c891c0fd8ecdb5e5e4f18cb78f38cf245dd021e76f"
dependencies = [
 "block-buffer",
 "crypto-common",
]

[[package]]
name = "either"
version = "1.8.0"
source = "registry+https://github.com/rust-lang/crates.io-index"
checksum = "90e5c1c8368803113bf0c9584fc495a58b86dc8a29edbf8fe877d21d9507e797"

[[package]]
name = "eyre"
version = "0.6.8"
source = "registry+https://github.com/rust-lang/crates.io-index"
checksum = "4c2b6b5a29c02cdc822728b7d7b8ae1bab3e3b05d44522770ddd49722eeac7eb"
dependencies = [
 "indenter",
 "once_cell",
]

[[package]]
name = "fastrand"
version = "1.8.0"
source = "registry+https://github.com/rust-lang/crates.io-index"
checksum = "a7a407cfaa3385c4ae6b23e84623d48c2798d06e3e6a1878f7f59f17b3f86499"
dependencies = [
 "instant",
]

[[package]]
name = "filedescriptor"
version = "0.8.2"
source = "registry+https://github.com/rust-lang/crates.io-index"
checksum = "7199d965852c3bac31f779ef99cbb4537f80e952e2d6aa0ffeb30cce00f4f46e"
dependencies = [
 "libc",
 "thiserror",
 "winapi",
]

[[package]]
name = "gag"
version = "1.0.0"
source = "registry+https://github.com/rust-lang/crates.io-index"
checksum = "a713bee13966e9fbffdf7193af71d54a6b35a0bb34997cd6c9519ebeb5005972"
dependencies = [
 "filedescriptor",
 "tempfile",
]

[[package]]
name = "generic-array"
version = "0.14.6"
source = "registry+https://github.com/rust-lang/crates.io-index"
checksum = "bff49e947297f3312447abdca79f45f4738097cc82b06e72054d2223f601f1b9"
dependencies = [
 "typenum",
 "version_check",
]

[[package]]
name = "gimli"
version = "0.27.0"
source = "registry+https://github.com/rust-lang/crates.io-index"
checksum = "dec7af912d60cdbd3677c1af9352ebae6fb8394d165568a2234df0fa00f87793"

[[package]]
name = "indenter"
version = "0.3.3"
source = "registry+https://github.com/rust-lang/crates.io-index"
checksum = "ce23b50ad8242c51a442f3ff322d56b02f08852c77e4c0b4d3fd684abc89c683"

[[package]]
name = "instant"
version = "0.1.12"
source = "registry+https://github.com/rust-lang/crates.io-index"
checksum = "7a5bbe824c507c5da5956355e86a746d82e0e1464f65d862cc5e71da70e94b2c"
dependencies = [
 "cfg-if",
]

[[package]]
name = "itertools"
version = "0.10.5"
source = "registry+https://github.com/rust-lang/crates.io-index"
checksum = "b0fd2260e829bddf4cb6ea802289de2f86d6a7a690192fbe91b3f46e0f2c8473"
dependencies = [
 "either",
]

[[package]]
name = "itertools"
version = "0.11.0"
source = "registry+https://github.com/rust-lang/crates.io-index"
checksum = "b1c173a5686ce8bfa551b3563d0c2170bf24ca44da99c7ca4bfdab5418c3fe57"
dependencies = [
 "either",
]

[[package]]
name = "itertools"
version = "0.12.0"
source = "registry+https://github.com/rust-lang/crates.io-index"
checksum = "25db6b064527c5d482d0423354fcd07a89a2dfe07b67892e62411946db7f07b0"
dependencies = [
 "either",
]

[[package]]
name = "lazy_static"
version = "1.4.0"
source = "registry+https://github.com/rust-lang/crates.io-index"
checksum = "e2abad23fbc42b3700f2f279844dc832adb2b2eb069b2df918f455c4e18cc646"

[[package]]
name = "libc"
version = "0.2.147"
source = "registry+https://github.com/rust-lang/crates.io-index"
checksum = "b4668fb0ea861c1df094127ac5f1da3409a82116a4ba74fca2e58ef927159bb3"

[[package]]
name = "md-5"
version = "0.10.5"
source = "registry+https://github.com/rust-lang/crates.io-index"
checksum = "6365506850d44bff6e2fbcb5176cf63650e48bd45ef2fe2665ae1570e0f4b9ca"
dependencies = [
 "digest",
]

[[package]]
name = "memchr"
version = "2.5.0"
source = "registry+https://github.com/rust-lang/crates.io-index"
checksum = "2dffe52ecf27772e601905b7522cb4ef790d2cc203488bbd0e2fe85fcb74566d"

[[package]]
name = "miniz_oxide"
version = "0.6.2"
source = "registry+https://github.com/rust-lang/crates.io-index"
checksum = "b275950c28b37e794e8c55d88aeb5e139d0ce23fdbbeda68f8d7174abdf9e8fa"
dependencies = [
 "adler",
]

[[package]]
name = "num-traits"
version = "0.2.19"
source = "registry+https://github.com/rust-lang/crates.io-index"
checksum = "071dfc062690e90b734c0b2273ce72ad0ffa95f0c74596bc250dcfd960262841"
dependencies = [
 "autocfg",
]

[[package]]
name = "object"
version = "0.30.0"
source = "registry+https://github.com/rust-lang/crates.io-index"
checksum = "239da7f290cfa979f43f85a8efeee9a8a76d0827c356d37f9d3d7254d6b537fb"
dependencies = [
 "memchr",
]

[[package]]
name = "once_cell"
version = "1.16.0"
source = "registry+https://github.com/rust-lang/crates.io-index"
checksum = "86f0b0d4bf799edbc74508c1e8bf170ff5f41238e5f8225603ca7caaae2b7860"

[[package]]
name = "owo-colors"
version = "3.5.0"
source = "registry+https://github.com/rust-lang/crates.io-index"
checksum = "c1b04fb49957986fdce4d6ee7a65027d55d4b6d2265e5848bbb507b58ccfdb6f"

[[package]]
name = "pin-project-lite"
version = "0.2.9"
source = "registry+https://github.com/rust-lang/crates.io-index"
checksum = "e0a7ae3ac2f1173085d398531c705756c94a4c56843785df85a60c1a0afac116"

[[package]]
name = "proc-macro2"
version = "1.0.66"
source = "registry+https://github.com/rust-lang/crates.io-index"
checksum = "18fb31db3f9bddb2ea821cde30a9f70117e3f119938b5ee630b7403aa6e2ead9"
dependencies = [
 "unicode-ident",
]

[[package]]
name = "quote"
version = "1.0.32"
source = "registry+https://github.com/rust-lang/crates.io-index"
checksum = "50f3b39ccfb720540debaa0164757101c08ecb8d326b15358ce76a62c7e85965"
dependencies = [
 "proc-macro2",
]

[[package]]
name = "redox_syscall"
version = "0.2.16"
source = "registry+https://github.com/rust-lang/crates.io-index"
checksum = "fb5a58c1855b4b6819d59012155603f0b22ad30cad752600aadfcb695265519a"
dependencies = [
 "bitflags",
]

[[package]]
name = "remove_dir_all"
version = "0.5.3"
source = "registry+https://github.com/rust-lang/crates.io-index"
checksum = "3acd125665422973a33ac9d3dd2df85edad0f4ae9b00dafb1a05e43a9f5ef8e7"
dependencies = [
 "winapi",
]

[[package]]
name = "rustc-demangle"
version = "0.1.21"
source = "registry+https://github.com/rust-lang/crates.io-index"
checksum = "7ef03e0a2b150c7a90d01faf6254c9c48a41e95fb2a8c2ac1c6f0d2b9aefc342"

[[package]]
name = "sharded-slab"
version = "0.1.4"
source = "registry+https://github.com/rust-lang/crates.io-index"
checksum = "900fba806f70c630b0a382d0d825e17a0f19fcd059a2ade1ff237bcddf446b31"
dependencies = [
 "lazy_static",
]

[[package]]
name = "syn"
version = "2.0.27"
source = "registry+https://github.com/rust-lang/crates.io-index"
checksum = "b60f673f44a8255b9c8c657daf66a596d435f2da81a555b06dc644d080ba45e0"
dependencies = [
 "proc-macro2",
 "quote",
 "unicode-ident",
]

[[package]]
name = "tempfile"
version = "3.3.0"
source = "registry+https://github.com/rust-lang/crates.io-index"
checksum = "5cdb1ef4eaeeaddc8fbd371e5017057064af0911902ef36b39801f67cc6d79e4"
dependencies = [
 "cfg-if",
 "fastrand",
 "libc",
 "redox_syscall",
 "remove_dir_all",
 "winapi",
]

[[package]]
name = "thiserror"
version = "1.0.44"
source = "registry+https://github.com/rust-lang/crates.io-index"
checksum = "611040a08a0439f8248d1990b111c95baa9c704c805fa1f62104b39655fd7f90"
dependencies = [
 "thiserror-impl",
]

[[package]]
name = "thiserror-impl"
version = "1.0.44"
source = "registry+https://github.com/rust-lang/crates.io-index"
checksum = "090198534930841fab3a5d1bb637cde49e339654e606195f8d9c76eeb081dc96"
dependencies = [
 "proc-macro2",
 "quote",
 "syn",
]

[[package]]
name = "thread_local"
version = "1.1.4"
source = "registry+https://github.com/rust-lang/crates.io-index"
checksum = "5516c27b78311c50bf42c071425c560ac799b11c30b31f87e3081965fe5e0180"
dependencies = [
 "once_cell",
]

[[package]]
name = "took"
version = "0.1.2"
source = "registry+https://github.com/rust-lang/crates.io-index"
checksum = "af1ea65cb083be6f0b13ba9a26eec5eb563e55198e318cbb0f525d593fbd349e"

[[package]]
name = "tracing"
version = "0.1.37"
source = "registry+https://github.com/rust-lang/crates.io-index"
checksum = "8ce8c33a8d48bd45d624a6e523445fd21ec13d3653cd51f681abf67418f54eb8"
dependencies = [
 "cfg-if",
 "pin-project-lite",
 "tracing-core",
]

[[package]]
name = "tracing-core"
version = "0.1.30"
source = "registry+https://github.com/rust-lang/crates.io-index"
checksum = "24eb03ba0eab1fd845050058ce5e616558e8f8d8fca633e6b163fe25c797213a"
dependencies = [
 "once_cell",
 "valuable",
]

[[package]]
name = "tracing-error"
version = "0.2.0"
source = "registry+https://github.com/rust-lang/crates.io-index"
checksum = "d686ec1c0f384b1277f097b2f279a2ecc11afe8c133c1aabf036a27cb4cd206e"
dependencies = [
 "tracing",
 "tracing-subscriber",
]

[[package]]
name = "tracing-subscriber"
version = "0.3.16"
source = "registry+https://github.com/rust-lang/crates.io-index"
checksum = "a6176eae26dd70d0c919749377897b54a9276bd7061339665dd68777926b5a70"
dependencies = [
 "sharded-slab",
 "thread_local",
 "tracing-core",
]

[[package]]
name = "typenum"
version = "1.16.0"
source = "registry+https://github.com/rust-lang/crates.io-index"
checksum = "497961ef93d974e23eb6f433eb5fe1b7930b659f06d12dec6fc44a8f554c0bba"

[[package]]
name = "unicode-ident"
version = "1.0.5"
source = "registry+https://github.com/rust-lang/crates.io-index"
checksum = "6ceab39d59e4c9499d4e5a8ee0e2735b891bb7308ac83dfb4e80cad195c9f6f3"

[[package]]
name = "valuable"
version = "0.1.0"
source = "registry+https://github.com/rust-lang/crates.io-index"
checksum = "830b7e5d4d90034032940e4ace0d9a9a057e7a45cd94e6c007832e39edb82f6d"

[[package]]
name = "version_check"
version = "0.9.4"
source = "registry+https://github.com/rust-lang/crates.io-index"
checksum = "49874b5167b65d7193b8aba1567f5c7d93d001cafc34600cee003eda787e483f"

[[package]]
name = "winapi"
version = "0.3.9"
source = "registry+https://github.com/rust-lang/crates.io-index"
checksum = "5c839a674fcd7a98952e593242ea400abe93992746761e38641405d28b00f419"
dependencies = [
 "winapi-i686-pc-windows-gnu",
 "winapi-x86_64-pc-windows-gnu",
]

[[package]]
name = "winapi-i686-pc-windows-gnu"
version = "0.4.0"
source = "registry+https://github.com/rust-lang/crates.io-index"
checksum = "ac3b87c63620426dd9b991e5ce0329eff545bccbbb34f3be09ff6fb6ab51b7b6"

[[package]]
name = "winapi-x86_64-pc-windows-gnu"
version = "0.4.0"
source = "registry+https://github.com/rust-lang/crates.io-index"
checksum = "712e227841d057c1ee1cd2fb22fa7e5a5461ae8e48fa2ca79ec42cfc1931183f"
